{
  "name": "ai-nav-front-prod",
  "version": "0.0.0",
  "lockfileVersion": 3,
  "requires": true,
  "packages": {
    "": {
      "name": "ai-nav-front-prod",
      "version": "0.0.0",
      "dependencies": {
        "@babel/parser": "7.29.2",
        "@vue/compiler-core": "3.5.32",
        "@vue/compiler-dom": "3.5.32",
        "@vue/compiler-ssr": "3.5.32",
        "@vue/devtools-api": "6.6.4",
        "@vue/reactivity": "3.5.32",
        "@vue/runtime-core": "3.5.32",
        "@vue/runtime-dom": "3.5.32",
        "@vue/server-renderer": "3.5.32",
        "@vue/shared": "3.5.32",
        "devalue": "5.6.4",
        "entities": "7.0.1",
        "estree-walker": "2.0.2",
        "hookable": "6.1.0",
        "source-map-js": "1.2.1",
        "ufo": "1.6.3",
        "unhead": "2.1.12",
        "vue": "3.5.32",
        "vue-bundle-renderer": "2.2.0",
        "vue-router": "4.6.4"
      }
    },
    "node_modules/@babel/helper-string-parser": {
      "version": "7.27.1",
      "resolved": "https://registry.npmjs.org/@babel/helper-string-parser/-/helper-string-parser-7.27.1.tgz",
      "integrity": "sha512-qMlSxKbpRlAridDExk92nSobyDdpPijUq2DW6oDnUqd0iOGxmQjyqhMIihI9+zv4LPyZdRje2cavWPbCbWm3eA==",
      "license": "MIT",
      "engines": {
        "node": ">=6.9.0"
      }
    },
    "node_modules/@babel/helper-validator-identifier": {
      "version": "7.28.5",
      "resolved": "https://registry.npmjs.org/@babel/helper-validator-identifier/-/helper-validator-identifier-7.28.5.tgz",
      "integrity": "sha512-qSs4ifwzKJSV39ucNjsvc6WVHs6b7S03sOh2OcHF9UHfVPqWWALUsNUVzhSBiItjRZoLHx7nIarVjqKVusUZ1Q==",
      "license": "MIT",
      "engines": {
        "node": ">=6.9.0"
      }
    },
    "node_modules/@babel/parser": {
      "version": "7.29.2",
      "license": "MIT",
      "dependencies": {
        "@babel/types": "^7.29.0"
      },
      "bin": {
        "parser": "bin/babel-parser.js"
      },
      "engines": {
        "node": ">=6.0.0"
      }
    },
    "node_modules/@babel/types": {
      "version": "7.29.0",
      "resolved": "https://registry.npmjs.org/@babel/types/-/types-7.29.0.tgz",
      "integrity": "sha512-LwdZHpScM4Qz8Xw2iKSzS+cfglZzJGvofQICy7W7v4caru4EaAmyUuO6BGrbyQ2mYV11W0U8j5mBhd14dd3B0A==",
      "license": "MIT",
      "dependencies": {
        "@babel/helper-string-parser": "^7.27.1",
        "@babel/helper-validator-identifier": "^7.28.5"
      },
      "engines": {
        "node": ">=6.9.0"
      }
    },
    "node_modules/@jridgewell/sourcemap-codec": {
      "version": "1.5.5",
      "resolved": "https://registry.npmjs.org/@jridgewell/sourcemap-codec/-/sourcemap-codec-1.5.5.tgz",
      "integrity": "sha512-cYQ9310grqxueWbl+WuIUIaiUaDcj7WOq5fVhEljNVgRfOUhY9fy2zTvfoqWsnebh8Sl70VScFbICvJnLKB0Og==",
      "license": "MIT"
    },
    "node_modules/@vue/compiler-core": {
      "version": "3.5.32",
      "license": "MIT",
      "dependencies": {
        "@babel/parser": "^7.29.2",
        "@vue/shared": "3.5.32",
        "entities": "^7.0.1",
        "estree-walker": "^2.0.2",
        "source-map-js": "^1.2.1"
      }
    },
    "node_modules/@vue/compiler-dom": {
      "version": "3.5.32",
      "license": "MIT",
      "dependencies": {
        "@vue/compiler-core": "3.5.32",
        "@vue/shared": "3.5.32"
      }
    },
    "node_modules/@vue/compiler-sfc": {
      "version": "3.5.32",
      "resolved": "https://registry.npmjs.org/@vue/compiler-sfc/-/compiler-sfc-3.5.32.tgz",
      "integrity": "sha512-8UYUYo71cP/0YHMO814TRZlPuUUw3oifHuMR7Wp9SNoRSrxRQnhMLNlCeaODNn6kNTJsjFoQ/kqIj4qGvya4Xg==",
      "license": "MIT",
      "dependencies": {
        "@babel/parser": "^7.29.2",
        "@vue/compiler-core": "3.5.32",
        "@vue/compiler-dom": "3.5.32",
        "@vue/compiler-ssr": "3.5.32",
        "@vue/shared": "3.5.32",
        "estree-walker": "^2.0.2",
        "magic-string": "^0.30.21",
        "postcss": "^8.5.8",
        "source-map-js": "^1.2.1"
      }
    },
    "node_modules/@vue/compiler-ssr": {
      "version": "3.5.32",
      "license": "MIT",
      "dependencies": {
        "@vue/compiler-dom": "3.5.32",
        "@vue/shared": "3.5.32"
      }
    },
    "node_modules/@vue/devtools-api": {
      "version": "6.6.4",
      "license": "MIT"
    },
    "node_modules/@vue/reactivity": {
      "version": "3.5.32",
      "license": "MIT",
      "dependencies": {
        "@vue/shared": "3.5.32"
      }
    },
    "node_modules/@vue/runtime-core": {
      "version": "3.5.32",
      "license": "MIT",
      "dependencies": {
        "@vue/reactivity": "3.5.32",
        "@vue/shared": "3.5.32"
      }
    },
    "node_modules/@vue/runtime-dom": {
      "version": "3.5.32",
      "license": "MIT",
      "dependencies": {
        "@vue/reactivity": "3.5.32",
        "@vue/runtime-core": "3.5.32",
        "@vue/shared": "3.5.32",
        "csstype": "^3.2.3"
      }
    },
    "node_modules/@vue/server-renderer": {
      "version": "3.5.32",
      "license": "MIT",
      "dependencies": {
        "@vue/compiler-ssr": "3.5.32",
        "@vue/shared": "3.5.32"
      },
      "peerDependencies": {
        "vue": "3.5.32"
      }
    },
    "node_modules/@vue/shared": {
      "version": "3.5.32",
      "license": "MIT"
    },
    "node_modules/csstype": {
      "version": "3.2.3",
      "resolved": "https://registry.npmjs.org/csstype/-/csstype-3.2.3.tgz",
      "integrity": "sha512-z1HGKcYy2xA8AGQfwrn0PAy+PB7X/GSj3UVJW9qKyn43xWa+gl5nXmU4qqLMRzWVLFC8KusUX8T/0kCiOYpAIQ==",
      "license": "MIT"
    },
    "node_modules/devalue": {
      "version": "5.6.4",
      "license": "MIT"
    },
    "node_modules/entities": {
      "version": "7.0.1",
      "license": "BSD-2-Clause",
      "engines": {
        "node": ">=0.12"
      },
      "funding": {
        "url": "https://github.com/fb55/entities?sponsor=1"
      }
    },
    "node_modules/estree-walker": {
      "version": "2.0.2",
      "license": "MIT"
    },
    "node_modules/hookable": {
      "version": "6.1.0",
      "license": "MIT"
    },
    "node_modules/magic-string": {
      "version": "0.30.21",
      "resolved": "https://registry.npmjs.org/magic-string/-/magic-string-0.30.21.tgz",
      "integrity": "sha512-vd2F4YUyEXKGcLHoq+TEyCjxueSeHnFxyyjNp80yg0XV4vUhnDer/lvvlqM/arB5bXQN5K2/3oinyCRyx8T2CQ==",
      "license": "MIT",
      "dependencies": {
        "@jridgewell/sourcemap-codec": "^1.5.5"
      }
    },
    "node_modules/nanoid": {
      "version": "3.3.12",
      "resolved": "https://registry.npmjs.org/nanoid/-/nanoid-3.3.12.tgz",
      "integrity": "sha512-ZB9RH/39qpq5Vu6Y+NmUaFhQR6pp+M2Xt76XBnEwDaGcVAqhlvxrl3B2bKS5D3NH3QR76v3aSrKaF/Kiy7lEtQ==",
      "funding": [
        {
          "type": "github",
          "url": "https://github.com/sponsors/ai"
        }
      ],
      "license": "MIT",
      "bin": {
        "nanoid": "bin/nanoid.cjs"
      },
      "engines": {
        "node": "^10 || ^12 || ^13.7 || ^14 || >=15.0.1"
      }
    },
    "node_modules/picocolors": {
      "version": "1.1.1",
      "resolved": "https://registry.npmjs.org/picocolors/-/picocolors-1.1.1.tgz",
      "integrity": "sha512-xceH2snhtb5M9liqDsmEw56le376mTZkEX/jEb/RxNFyegNul7eNslCXP9FDj/Lcu0X8KEyMceP2ntpaHrDEVA==",
      "license": "ISC"
    },
    "node_modules/postcss": {
      "version": "8.5.14",
      "resolved": "https://registry.npmjs.org/postcss/-/postcss-8.5.14.tgz",
      "integrity": "sha512-SoSL4+OSEtR99LHFZQiJLkT59C5B1amGO1NzTwj7TT1qCUgUO6hxOvzkOYxD+vMrXBM3XJIKzokoERdqQq/Zmg==",
      "funding": [
        {
          "type": "opencollective",
          "url": "https://opencollective.com/postcss/"
        },
        {
          "type": "tidelift",
          "url": "https://tidelift.com/funding/github/npm/postcss"
        },
        {
          "type": "github",
          "url": "https://github.com/sponsors/ai"
        }
      ],
      "license": "MIT",
      "dependencies": {
        "nanoid": "^3.3.11",
        "picocolors": "^1.1.1",
        "source-map-js": "^1.2.1"
      },
      "engines": {
        "node": "^10 || ^12 || >=14"
      }
    },
    "node_modules/source-map-js": {
      "version": "1.2.1",
      "license": "BSD-3-Clause",
      "engines": {
        "node": ">=0.10.0"
      }
    },
    "node_modules/ufo": {
      "version": "1.6.3",
      "license": "MIT"
    },
    "node_modules/unhead": {
      "version": "2.1.12",
      "license": "MIT",
      "dependencies": {
        "hookable": "^6.0.1"
      },
      "funding": {
        "url": "https://github.com/sponsors/harlan-zw"
      }
    },
    "node_modules/vue": {
      "version": "3.5.32",
      "license": "MIT",
      "dependencies": {
        "@vue/compiler-dom": "3.5.32",
        "@vue/compiler-sfc": "3.5.32",
        "@vue/runtime-dom": "3.5.32",
        "@vue/server-renderer": "3.5.32",
        "@vue/shared": "3.5.32"
      },
      "peerDependencies": {
        "typescript": "*"
      },
      "peerDependenciesMeta": {
        "typescript": {
          "optional": true
        }
      }
    },
    "node_modules/vue-bundle-renderer": {
      "version": "2.2.0",
      "license": "MIT",
      "dependencies": {
        "ufo": "^1.6.1"
      }
    },
    "node_modules/vue-router": {
      "version": "4.6.4",
      "license": "MIT",
      "dependencies": {
        "@vue/devtools-api": "^6.6.4"
      },
      "funding": {
        "url": "https://github.com/sponsors/posva"
      },
      "peerDependencies": {
        "vue": "^3.5.0"
      }
    }
  }
}
